
Microsoft Visual Studio Solution File, Format Version 12.00
# Visual Studio Version 17
VisualStudioVersion = 17.4.33103.184
MinimumVisualStudioVersion = 10.0.40219.1
Project("{FAE04EC0-301F-11D3-BF4B-00C04F79EFBC}") = "WebApplication1", "WebApplication1\WebApplication1.csproj", "{80C39BDB-6759-4026-B7E6-841796C07CCF}"
EndProject
Global
	GlobalSection(SolutionConfigurationPlatforms) = preSolution
		Debug|Any CPU = Debug|Any CPU
		Release|Any CPU = Release|Any CPU
	EndGlobalSection
	GlobalSection(ProjectConfigurationPlatforms) = postSolution
		{80C39BDB-6759-4026-B7E6-841796C07CCF}.Debug|Any CPU.ActiveCfg = Debug|Any CPU
		{80C39BDB-6759-4026-B7E6-841796C07CCF}.Debug|Any CPU.Build.0 = Debug|Any CPU
		{80C39BDB-6759-4026-B7E6-841796C07CCF}.Release|Any CPU.ActiveCfg = Release|Any CPU
		{80C39BDB-6759-4026-B7E6-841796C07CCF}.Release|Any CPU.Build.0 = Release|Any CPU
	EndGlobalSection
	GlobalSection(SolutionProperties) = preSolution
		HideSolutionNode = FALSE
	EndGlobalSection
	GlobalSection(ExtensibilityGlobals) = postSolution
		SolutionGuid = {D5BF0559-3D63-4708-8BC2-96BFD2EBB08E}
	EndGlobalSection
EndGlobal
